
Microsoft Visual Studio Solution File, Format Version 12.00
# Visual Studio Version 16
VisualStudioVersion = 16.0.30804.86
MinimumVisualStudioVersion = 10.0.40219.1
Project("{9A19103F-16F7-4668-BE54-9A1E7A4F7556}") = "GossipCheck.WebScraper", "GossipCheck.WebScraper\GossipCheck.WebScraper.csproj", "{FDA05B14-95E9-40A3-BACA-7A9B5DCA0BA0}"
EndProject
Project("{9A19103F-16F7-4668-BE54-9A1E7A4F7556}") = "GossipCheck.WebScraper.Services", "GossipCheck.WebScraper.Services\GossipCheck.WebScraper.Services.csproj", "{70A939AA-6FCB-4F68-AC1D-7928F6B24F6D}"
EndProject
Global
	GlobalSection(SolutionConfigurationPlatforms) = preSolution
		Debug|Any CPU = Debug|Any CPU
		Release|Any CPU = Release|Any CPU
	EndGlobalSection
	GlobalSection(ProjectConfigurationPlatforms) = postSolution
		{FDA05B14-95E9-40A3-BACA-7A9B5DCA0BA0}.Debug|Any CPU.ActiveCfg = Debug|Any CPU
		{FDA05B14-95E9-40A3-BACA-7A9B5DCA0BA0}.Debug|Any CPU.Build.0 = Debug|Any CPU
		{FDA05B14-95E9-40A3-BACA-7A9B5DCA0BA0}.Release|Any CPU.ActiveCfg = Release|Any CPU
		{FDA05B14-95E9-40A3-BACA-7A9B5DCA0BA0}.Release|Any CPU.Build.0 = Release|Any CPU
		{70A939AA-6FCB-4F68-AC1D-7928F6B24F6D}.Debug|Any CPU.ActiveCfg = Debug|Any CPU
		{70A939AA-6FCB-4F68-AC1D-7928F6B24F6D}.Debug|Any CPU.Build.0 = Debug|Any CPU
		{70A939AA-6FCB-4F68-AC1D-7928F6B24F6D}.Release|Any CPU.ActiveCfg = Release|Any CPU
		{70A939AA-6FCB-4F68-AC1D-7928F6B24F6D}.Release|Any CPU.Build.0 = Release|Any CPU
	EndGlobalSection
	GlobalSection(SolutionProperties) = preSolution
		HideSolutionNode = FALSE
	EndGlobalSection
	GlobalSection(ExtensibilityGlobals) = postSolution
		SolutionGuid = {00319820-A55D-45C0-B768-E242153FC6FB}
	EndGlobalSection
EndGlobal
