
Microsoft Visual Studio Solution File, Format Version 12.00
# Visual Studio Version 16
VisualStudioVersion = 16.0.30804.86
MinimumVisualStudioVersion = 10.0.40219.1
Project("{9A19103F-16F7-4668-BE54-9A1E7A4F7556}") = "GossipCheck.API", "GossipCheck.API\GossipCheck.API.csproj", "{C917D98A-3AE0-4C86-BC2B-44E29B6251F5}"
EndProject
Project("{FAE04EC0-301F-11D3-BF4B-00C04F79EFBC}") = "GossipCheck.DAO", "GossipCheck.DAO\GossipCheck.DAO.csproj", "{617B02C3-119B-4F66-B113-C244EB9DEC5A}"
EndProject
Project("{FAE04EC0-301F-11D3-BF4B-00C04F79EFBC}") = "GossipCheck.BLL", "GossipCheck.BLL\GossipCheck.BLL.csproj", "{46C2690D-F578-4115-B81A-2512EC4E24FE}"
EndProject
Global
	GlobalSection(SolutionConfigurationPlatforms) = preSolution
		Debug|Any CPU = Debug|Any CPU
		Release|Any CPU = Release|Any CPU
	EndGlobalSection
	GlobalSection(ProjectConfigurationPlatforms) = postSolution
		{C917D98A-3AE0-4C86-BC2B-44E29B6251F5}.Debug|Any CPU.ActiveCfg = Debug|Any CPU
		{C917D98A-3AE0-4C86-BC2B-44E29B6251F5}.Debug|Any CPU.Build.0 = Debug|Any CPU
		{C917D98A-3AE0-4C86-BC2B-44E29B6251F5}.Release|Any CPU.ActiveCfg = Release|Any CPU
		{C917D98A-3AE0-4C86-BC2B-44E29B6251F5}.Release|Any CPU.Build.0 = Release|Any CPU
		{617B02C3-119B-4F66-B113-C244EB9DEC5A}.Debug|Any CPU.ActiveCfg = Debug|Any CPU
		{617B02C3-119B-4F66-B113-C244EB9DEC5A}.Debug|Any CPU.Build.0 = Debug|Any CPU
		{617B02C3-119B-4F66-B113-C244EB9DEC5A}.Release|Any CPU.ActiveCfg = Release|Any CPU
		{617B02C3-119B-4F66-B113-C244EB9DEC5A}.Release|Any CPU.Build.0 = Release|Any CPU
		{46C2690D-F578-4115-B81A-2512EC4E24FE}.Debug|Any CPU.ActiveCfg = Debug|Any CPU
		{46C2690D-F578-4115-B81A-2512EC4E24FE}.Debug|Any CPU.Build.0 = Debug|Any CPU
		{46C2690D-F578-4115-B81A-2512EC4E24FE}.Release|Any CPU.ActiveCfg = Release|Any CPU
		{46C2690D-F578-4115-B81A-2512EC4E24FE}.Release|Any CPU.Build.0 = Release|Any CPU
	EndGlobalSection
	GlobalSection(SolutionProperties) = preSolution
		HideSolutionNode = FALSE
	EndGlobalSection
	GlobalSection(ExtensibilityGlobals) = postSolution
		SolutionGuid = {B4821FC6-F966-43B1-A706-4CDF7864EE20}
	EndGlobalSection
EndGlobal
